// !$*UTF8*$!
{
	archiveVersion = 1;
	classes = {
	};
	objectVersion = 55;
	objects = {

/* Begin PBXBuildFile section */
		20012B5028E759930032321E /* HomeContentView.swift in Sources */ = {isa = PBXBuildFile; fileRef = 20012B4F28E759930032321E /* HomeContentView.swift */; };
		2012021D28F9F83100805925 /* EventsModel.swift in Sources */ = {isa = PBXBuildFile; fileRef = 2012021C28F9F83100805925 /* EventsModel.swift */; };
		20211FA228E396E200C55B5A /* AuthService.swift in Sources */ = {isa = PBXBuildFile; fileRef = 20211FA128E396E200C55B5A /* AuthService.swift */; };
		202AE9792901BB7A0038D52F /* BodyContentView.swift in Sources */ = {isa = PBXBuildFile; fileRef = 202AE9782901BB7A0038D52F /* BodyContentView.swift */; };
		202AE97B2901BCE60038D52F /* CalendarContentView.swift in Sources */ = {isa = PBXBuildFile; fileRef = 202AE97A2901BCE60038D52F /* CalendarContentView.swift */; };
		202AE97D2901DD080038D52F /* EventCardView.swift in Sources */ = {isa = PBXBuildFile; fileRef = 202AE97C2901DD080038D52F /* EventCardView.swift */; };
		202FAE0028E6332E0016ACFB /* UserModel.swift in Sources */ = {isa = PBXBuildFile; fileRef = 202FADFF28E6332E0016ACFB /* UserModel.swift */; };
		205DF66828ECC0D600F493A5 /* EventService.swift in Sources */ = {isa = PBXBuildFile; fileRef = 205DF66728ECC0D600F493A5 /* EventService.swift */; };
		205DF66A28ECF9C500F493A5 /* SettingsContentView.swift in Sources */ = {isa = PBXBuildFile; fileRef = 205DF66928ECF9C500F493A5 /* SettingsContentView.swift */; };
		206603CC28036E6500F4B6FB /* TechTempApp.swift in Sources */ = {isa = PBXBuildFile; fileRef = 206603CB28036E6500F4B6FB /* TechTempApp.swift */; };
		206603CE28036E6500F4B6FB /* ContentView.swift in Sources */ = {isa = PBXBuildFile; fileRef = 206603CD28036E6500F4B6FB /* ContentView.swift */; };
		206603D028036E6800F4B6FB /* Assets.xcassets in Resources */ = {isa = PBXBuildFile; fileRef = 206603CF28036E6800F4B6FB /* Assets.xcassets */; };
		206603D328036E6800F4B6FB /* Preview Assets.xcassets in Resources */ = {isa = PBXBuildFile; fileRef = 206603D228036E6800F4B6FB /* Preview Assets.xcassets */; };
		2071969F28BAEF05000E3E0E /* LoginContentView.swift in Sources */ = {isa = PBXBuildFile; fileRef = 2071969E28BAEF05000E3E0E /* LoginContentView.swift */; };
		20C43A3328F9E18D0088D1A9 /* EventViewModel.swift in Sources */ = {isa = PBXBuildFile; fileRef = 20C43A3228F9E18D0088D1A9 /* EventViewModel.swift */; };
		20DFB0BE2933FBC500E53E25 /* NewsModel.swift in Sources */ = {isa = PBXBuildFile; fileRef = 20DFB0BD2933FBC500E53E25 /* NewsModel.swift */; };
		20DFB0C22933FC3300E53E25 /* NewsService.swift in Sources */ = {isa = PBXBuildFile; fileRef = 20DFB0C12933FC3300E53E25 /* NewsService.swift */; };
		20DFB0C42933FCBB00E53E25 /* NewsViewModel.swift in Sources */ = {isa = PBXBuildFile; fileRef = 20DFB0C32933FCBB00E53E25 /* NewsViewModel.swift */; };
		20DFB0C72933FF6B00E53E25 /* NewsCardView.swift in Sources */ = {isa = PBXBuildFile; fileRef = 20DFB0C62933FF6B00E53E25 /* NewsCardView.swift */; };
		20F4A983290E1D1000D660E5 /* EventSheetView.swift in Sources */ = {isa = PBXBuildFile; fileRef = 20F4A982290E1D1000D660E5 /* EventSheetView.swift */; };
		5B549B25100D218A8739FF92 /* LoginViewModel.swift in Sources */ = {isa = PBXBuildFile; fileRef = 5B5498E624B5FCB4E1D39ABE /* LoginViewModel.swift */; };
		8CFF6B7902932FE69A50739A /* Pods_TechTemp.framework in Frameworks */ = {isa = PBXBuildFile; fileRef = 25E05092E69E6DCD42E5F16F /* Pods_TechTemp.framework */; };
/* End PBXBuildFile section */

/* Begin PBXFileReference section */
		20012B4F28E759930032321E /* HomeContentView.swift */ = {isa = PBXFileReference; lastKnownFileType = sourcecode.swift; path = HomeContentView.swift; sourceTree = "<group>"; };
		2012021C28F9F83100805925 /* EventsModel.swift */ = {isa = PBXFileReference; lastKnownFileType = sourcecode.swift; path = EventsModel.swift; sourceTree = "<group>"; };
		20211FA128E396E200C55B5A /* AuthService.swift */ = {isa = PBXFileReference; lastKnownFileType = sourcecode.swift; path = AuthService.swift; sourceTree = "<group>"; };
		202AE9782901BB7A0038D52F /* BodyContentView.swift */ = {isa = PBXFileReference; lastKnownFileType = sourcecode.swift; path = BodyContentView.swift; sourceTree = "<group>"; };
		202AE97A2901BCE60038D52F /* CalendarContentView.swift */ = {isa = PBXFileReference; lastKnownFileType = sourcecode.swift; path = CalendarContentView.swift; sourceTree = "<group>"; };
		202AE97C2901DD080038D52F /* EventCardView.swift */ = {isa = PBXFileReference; lastKnownFileType = sourcecode.swift; path = EventCardView.swift; sourceTree = "<group>"; };
		202FADFF28E6332E0016ACFB /* UserModel.swift */ = {isa = PBXFileReference; lastKnownFileType = sourcecode.swift; path = UserModel.swift; sourceTree = "<group>"; };
		205DF66728ECC0D600F493A5 /* EventService.swift */ = {isa = PBXFileReference; lastKnownFileType = sourcecode.swift; path = EventService.swift; sourceTree = "<group>"; };
		205DF66928ECF9C500F493A5 /* SettingsContentView.swift */ = {isa = PBXFileReference; lastKnownFileType = sourcecode.swift; path = SettingsContentView.swift; sourceTree = "<group>"; };
		206603C828036E6500F4B6FB /* TechTemp.app */ = {isa = PBXFileReference; explicitFileType = wrapper.application; includeInIndex = 0; path = TechTemp.app; sourceTree = BUILT_PRODUCTS_DIR; };
		206603CB28036E6500F4B6FB /* TechTempApp.swift */ = {isa = PBXFileReference; lastKnownFileType = sourcecode.swift; path = TechTempApp.swift; sourceTree = "<group>"; };
		206603CD28036E6500F4B6FB /* ContentView.swift */ = {isa = PBXFileReference; lastKnownFileType = sourcecode.swift; path = ContentView.swift; sourceTree = "<group>"; };
		206603CF28036E6800F4B6FB /* Assets.xcassets */ = {isa = PBXFileReference; lastKnownFileType = folder.assetcatalog; path = Assets.xcassets; sourceTree = "<group>"; };
		206603D228036E6800F4B6FB /* Preview Assets.xcassets */ = {isa = PBXFileReference; lastKnownFileType = folder.assetcatalog; path = "Preview Assets.xcassets"; sourceTree = "<group>"; };
		2071969E28BAEF05000E3E0E /* LoginContentView.swift */ = {isa = PBXFileReference; lastKnownFileType = sourcecode.swift; path = LoginContentView.swift; sourceTree = "<group>"; };
		20C43A3228F9E18D0088D1A9 /* EventViewModel.swift */ = {isa = PBXFileReference; lastKnownFileType = sourcecode.swift; path = EventViewModel.swift; sourceTree = "<group>"; };
		20DFB0BD2933FBC500E53E25 /* NewsModel.swift */ = {isa = PBXFileReference; lastKnownFileType = sourcecode.swift; path = NewsModel.swift; sourceTree = "<group>"; };
		20DFB0C12933FC3300E53E25 /* NewsService.swift */ = {isa = PBXFileReference; lastKnownFileType = sourcecode.swift; path = NewsService.swift; sourceTree = "<group>"; };
		20DFB0C32933FCBB00E53E25 /* NewsViewModel.swift */ = {isa = PBXFileReference; lastKnownFileType = sourcecode.swift; path = NewsViewModel.swift; sourceTree = "<group>"; };
		20DFB0C62933FF6B00E53E25 /* NewsCardView.swift */ = {isa = PBXFileReference; lastKnownFileType = sourcecode.swift; path = NewsCardView.swift; sourceTree = "<group>"; };
		20F4A982290E1D1000D660E5 /* EventSheetView.swift */ = {isa = PBXFileReference; lastKnownFileType = sourcecode.swift; path = EventSheetView.swift; sourceTree = "<group>"; };
		25E05092E69E6DCD42E5F16F /* Pods_TechTemp.framework */ = {isa = PBXFileReference; explicitFileType = wrapper.framework; includeInIndex = 0; path = Pods_TechTemp.framework; sourceTree = BUILT_PRODUCTS_DIR; };
		5B5498E624B5FCB4E1D39ABE /* LoginViewModel.swift */ = {isa = PBXFileReference; fileEncoding = 4; lastKnownFileType = sourcecode.swift; path = LoginViewModel.swift; sourceTree = "<group>"; };
		7CEB0DB558152DD8AD4DA33D /* Pods-TechTemp.release.xcconfig */ = {isa = PBXFileReference; includeInIndex = 1; lastKnownFileType = text.xcconfig; name = "Pods-TechTemp.release.xcconfig"; path = "Target Support Files/Pods-TechTemp/Pods-TechTemp.release.xcconfig"; sourceTree = "<group>"; };
		A377B0D7641F3184E9FD4BB6 /* Pods-TechTemp.debug.xcconfig */ = {isa = PBXFileReference; includeInIndex = 1; lastKnownFileType = text.xcconfig; name = "Pods-TechTemp.debug.xcconfig"; path = "Target Support Files/Pods-TechTemp/Pods-TechTemp.debug.xcconfig"; sourceTree = "<group>"; };
/* End PBXFileReference section */

/* Begin PBXFrameworksBuildPhase section */
		206603C528036E6500F4B6FB /* Frameworks */ = {
			isa = PBXFrameworksBuildPhase;
			buildActionMask = 2147483647;
			files = (
				8CFF6B7902932FE69A50739A /* Pods_TechTemp.framework in Frameworks */,
			);
			runOnlyForDeploymentPostprocessing = 0;
		};
/* End PBXFrameworksBuildPhase section */

/* Begin PBXGroup section */
		20111343292AD1520025FA2A /* Login */ = {
			isa = PBXGroup;
			children = (
				2071969E28BAEF05000E3E0E /* LoginContentView.swift */,
			);
			path = Login;
			sourceTree = "<group>";
		};
		20111344292AD1700025FA2A /* Home */ = {
			isa = PBXGroup;
			children = (
				20012B4F28E759930032321E /* HomeContentView.swift */,
			);
			path = Home;
			sourceTree = "<group>";
		};
		20111345292AD1830025FA2A /* Event */ = {
			isa = PBXGroup;
			children = (
				202AE97C2901DD080038D52F /* EventCardView.swift */,
				20F4A982290E1D1000D660E5 /* EventSheetView.swift */,
			);
			path = Event;
			sourceTree = "<group>";
		};
		20111346292AD18F0025FA2A /* Settings */ = {
			isa = PBXGroup;
			children = (
				205DF66928ECF9C500F493A5 /* SettingsContentView.swift */,
			);
			path = Settings;
			sourceTree = "<group>";
		};
		20111347292AD1980025FA2A /* Body */ = {
			isa = PBXGroup;
			children = (
				202AE9782901BB7A0038D52F /* BodyContentView.swift */,
			);
			path = Body;
			sourceTree = "<group>";
		};
		20111348292AD1A10025FA2A /* Calendar */ = {
			isa = PBXGroup;
			children = (
				202AE97A2901BCE60038D52F /* CalendarContentView.swift */,
			);
			path = Calendar;
			sourceTree = "<group>";
		};
		20211FA028E396CC00C55B5A /* Services */ = {
			isa = PBXGroup;
			children = (
				20211FA128E396E200C55B5A /* AuthService.swift */,
				205DF66728ECC0D600F493A5 /* EventService.swift */,
				20DFB0C12933FC3300E53E25 /* NewsService.swift */,
			);
			path = Services;
			sourceTree = "<group>";
		};
		202FADFE28E633100016ACFB /* Models */ = {
			isa = PBXGroup;
			children = (
				202FADFF28E6332E0016ACFB /* UserModel.swift */,
				2012021C28F9F83100805925 /* EventsModel.swift */,
				20DFB0BD2933FBC500E53E25 /* NewsModel.swift */,
			);
			path = Models;
			sourceTree = "<group>";
		};
		206603BF28036E6500F4B6FB = {
			isa = PBXGroup;
			children = (
				206603CA28036E6500F4B6FB /* TechTemp */,
				206603C928036E6500F4B6FB /* Products */,
				96B454275259CEC7CD25CF80 /* Pods */,
				AB6D3DCEE6B02415C5BF1C6D /* Frameworks */,
			);
			sourceTree = "<group>";
		};
		206603C928036E6500F4B6FB /* Products */ = {
			isa = PBXGroup;
			children = (
				206603C828036E6500F4B6FB /* TechTemp.app */,
			);
			name = Products;
			sourceTree = "<group>";
		};
		206603CA28036E6500F4B6FB /* TechTemp */ = {
			isa = PBXGroup;
			children = (
				5B549C77D1CFD7F4581774BF /* View Models */,
				202FADFE28E633100016ACFB /* Models */,
				20211FA028E396CC00C55B5A /* Services */,
				2071969D28BAEED9000E3E0E /* Views */,
				206603CB28036E6500F4B6FB /* TechTempApp.swift */,
				206603CD28036E6500F4B6FB /* ContentView.swift */,
				206603CF28036E6800F4B6FB /* Assets.xcassets */,
				206603D128036E6800F4B6FB /* Preview Content */,
			);
			path = TechTemp;
			sourceTree = "<group>";
		};
		206603D128036E6800F4B6FB /* Preview Content */ = {
			isa = PBXGroup;
			children = (
				206603D228036E6800F4B6FB /* Preview Assets.xcassets */,
			);
			path = "Preview Content";
			sourceTree = "<group>";
		};
		2071969D28BAEED9000E3E0E /* Views */ = {
			isa = PBXGroup;
			children = (
				20DFB0C52933FF4F00E53E25 /* News */,
				20111348292AD1A10025FA2A /* Calendar */,
				20111347292AD1980025FA2A /* Body */,
				20111346292AD18F0025FA2A /* Settings */,
				20111345292AD1830025FA2A /* Event */,
				20111344292AD1700025FA2A /* Home */,
				20111343292AD1520025FA2A /* Login */,
			);
			path = Views;
			sourceTree = "<group>";
		};
		20DFB0C52933FF4F00E53E25 /* News */ = {
			isa = PBXGroup;
			children = (
				20DFB0C62933FF6B00E53E25 /* NewsCardView.swift */,
			);
			path = News;
			sourceTree = "<group>";
		};
		5B549C77D1CFD7F4581774BF /* View Models */ = {
			isa = PBXGroup;
			children = (
				5B5498E624B5FCB4E1D39ABE /* LoginViewModel.swift */,
				20C43A3228F9E18D0088D1A9 /* EventViewModel.swift */,
				20DFB0C32933FCBB00E53E25 /* NewsViewModel.swift */,
			);
			path = "View Models";
			sourceTree = "<group>";
		};
		96B454275259CEC7CD25CF80 /* Pods */ = {
			isa = PBXGroup;
			children = (
				A377B0D7641F3184E9FD4BB6 /* Pods-TechTemp.debug.xcconfig */,
				7CEB0DB558152DD8AD4DA33D /* Pods-TechTemp.release.xcconfig */,
			);
			path = Pods;
			sourceTree = "<group>";
		};
		AB6D3DCEE6B02415C5BF1C6D /* Frameworks */ = {
			isa = PBXGroup;
			children = (
				25E05092E69E6DCD42E5F16F /* Pods_TechTemp.framework */,
			);
			name = Frameworks;
			sourceTree = "<group>";
		};
/* End PBXGroup section */

/* Begin PBXNativeTarget section */
		206603C728036E6500F4B6FB /* TechTemp */ = {
			isa = PBXNativeTarget;
			buildConfigurationList = 206603D628036E6800F4B6FB /* Build configuration list for PBXNativeTarget "TechTemp" */;
			buildPhases = (
				25BCB8BAE670BA344F5CA112 /* [CP] Check Pods Manifest.lock */,
				206603C428036E6500F4B6FB /* Sources */,
				206603C528036E6500F4B6FB /* Frameworks */,
				206603C628036E6500F4B6FB /* Resources */,
				02364F4D8674EDFA83E13340 /* [CP] Embed Pods Frameworks */,
			);
			buildRules = (
			);
			dependencies = (
			);
			name = TechTemp;
			packageProductDependencies = (
			);
			productName = TechTemp;
			productReference = 206603C828036E6500F4B6FB /* TechTemp.app */;
			productType = "com.apple.product-type.application";
		};
/* End PBXNativeTarget section */

/* Begin PBXProject section */
		206603C028036E6500F4B6FB /* Project object */ = {
			isa = PBXProject;
			attributes = {
				BuildIndependentTargetsInParallel = 1;
				LastSwiftUpdateCheck = 1330;
				LastUpgradeCheck = 1330;
				TargetAttributes = {
					206603C728036E6500F4B6FB = {
						CreatedOnToolsVersion = 13.3;
					};
				};
			};
			buildConfigurationList = 206603C328036E6500F4B6FB /* Build configuration list for PBXProject "TechTemp" */;
			compatibilityVersion = "Xcode 13.0";
			developmentRegion = en;
			hasScannedForEncodings = 0;
			knownRegions = (
				en,
				Base,
			);
			mainGroup = 206603BF28036E6500F4B6FB;
			packageReferences = (
			);
			productRefGroup = 206603C928036E6500F4B6FB /* Products */;
			projectDirPath = "";
			projectRoot = "";
			targets = (
				206603C728036E6500F4B6FB /* TechTemp */,
			);
		};
/* End PBXProject section */

/* Begin PBXResourcesBuildPhase section */
		206603C628036E6500F4B6FB /* Resources */ = {
			isa = PBXResourcesBuildPhase;
			buildActionMask = 2147483647;
			files = (
				206603D328036E6800F4B6FB /* Preview Assets.xcassets in Resources */,
				206603D028036E6800F4B6FB /* Assets.xcassets in Resources */,
			);
			runOnlyForDeploymentPostprocessing = 0;
		};
/* End PBXResourcesBuildPhase section */

/* Begin PBXShellScriptBuildPhase section */
		02364F4D8674EDFA83E13340 /* [CP] Embed Pods Frameworks */ = {
			isa = PBXShellScriptBuildPhase;
			buildActionMask = 2147483647;
			files = (
			);
			inputFileListPaths = (
				"${PODS_ROOT}/Target Support Files/Pods-TechTemp/Pods-TechTemp-frameworks-${CONFIGURATION}-input-files.xcfilelist",
			);
			name = "[CP] Embed Pods Frameworks";
			outputFileListPaths = (
				"${PODS_ROOT}/Target Support Files/Pods-TechTemp/Pods-TechTemp-frameworks-${CONFIGURATION}-output-files.xcfilelist",
			);
			runOnlyForDeploymentPostprocessing = 0;
			shellPath = /bin/sh;
			shellScript = "\"${PODS_ROOT}/Target Support Files/Pods-TechTemp/Pods-TechTemp-frameworks.sh\"\n";
			showEnvVarsInLog = 0;
		};
		25BCB8BAE670BA344F5CA112 /* [CP] Check Pods Manifest.lock */ = {
			isa = PBXShellScriptBuildPhase;
			buildActionMask = 2147483647;
			files = (
			);
			inputFileListPaths = (
			);
			inputPaths = (
				"${PODS_PODFILE_DIR_PATH}/Podfile.lock",
				"${PODS_ROOT}/Manifest.lock",
			);
			name = "[CP] Check Pods Manifest.lock";
			outputFileListPaths = (
			);
			outputPaths = (
				"$(DERIVED_FILE_DIR)/Pods-TechTemp-checkManifestLockResult.txt",
			);
			runOnlyForDeploymentPostprocessing = 0;
			shellPath = /bin/sh;
			shellScript = "diff \"${PODS_PODFILE_DIR_PATH}/Podfile.lock\" \"${PODS_ROOT}/Manifest.lock\" > /dev/null\nif [ $? != 0 ] ; then\n    # print error to STDERR\n    echo \"error: The sandbox is not in sync with the Podfile.lock. Run 'pod install' or update your CocoaPods installation.\" >&2\n    exit 1\nfi\n# This output is used by Xcode 'outputs' to avoid re-running this script phase.\necho \"SUCCESS\" > \"${SCRIPT_OUTPUT_FILE_0}\"\n";
			showEnvVarsInLog = 0;
		};
/* End PBXShellScriptBuildPhase section */

/* Begin PBXSourcesBuildPhase section */
		206603C428036E6500F4B6FB /* Sources */ = {
			isa = PBXSourcesBuildPhase;
			buildActionMask = 2147483647;
			files = (
				205DF66828ECC0D600F493A5 /* EventService.swift in Sources */,
				20DFB0C42933FCBB00E53E25 /* NewsViewModel.swift in Sources */,
				20DFB0C22933FC3300E53E25 /* NewsService.swift in Sources */,
				20F4A983290E1D1000D660E5 /* EventSheetView.swift in Sources */,
				206603CE28036E6500F4B6FB /* ContentView.swift in Sources */,
				206603CC28036E6500F4B6FB /* TechTempApp.swift in Sources */,
				205DF66A28ECF9C500F493A5 /* SettingsContentView.swift in Sources */,
				2071969F28BAEF05000E3E0E /* LoginContentView.swift in Sources */,
				20012B5028E759930032321E /* HomeContentView.swift in Sources */,
				202FAE0028E6332E0016ACFB /* UserModel.swift in Sources */,
				20DFB0BE2933FBC500E53E25 /* NewsModel.swift in Sources */,
				202AE97D2901DD080038D52F /* EventCardView.swift in Sources */,
				202AE97B2901BCE60038D52F /* CalendarContentView.swift in Sources */,
				20DFB0C72933FF6B00E53E25 /* NewsCardView.swift in Sources */,
				20211FA228E396E200C55B5A /* AuthService.swift in Sources */,
				202AE9792901BB7A0038D52F /* BodyContentView.swift in Sources */,
				20C43A3328F9E18D0088D1A9 /* EventViewModel.swift in Sources */,
				2012021D28F9F83100805925 /* EventsModel.swift in Sources */,
				5B549B25100D218A8739FF92 /* LoginViewModel.swift in Sources */,
			);
			runOnlyForDeploymentPostprocessing = 0;
		};
/* End PBXSourcesBuildPhase section */

/* Begin XCBuildConfiguration section */
		206603D428036E6800F4B6FB /* Debug */ = {
			isa = XCBuildConfiguration;
			buildSettings = {
				ALWAYS_SEARCH_USER_PATHS = NO;
				CLANG_ANALYZER_NONNULL = YES;
				CLANG_ANALYZER_NUMBER_OBJECT_CONVERSION = YES_AGGRESSIVE;
				CLANG_CXX_LANGUAGE_STANDARD = "gnu++17";
				CLANG_ENABLE_MODULES = YES;
				CLANG_ENABLE_OBJC_ARC = YES;
				CLANG_ENABLE_OBJC_WEAK = YES;
				CLANG_WARN_BLOCK_CAPTURE_AUTORELEASING = YES;
				CLANG_WARN_BOOL_CONVERSION = YES;
				CLANG_WARN_COMMA = YES;
				CLANG_WARN_CONSTANT_CONVERSION = YES;
				CLANG_WARN_DEPRECATED_OBJC_IMPLEMENTATIONS = YES;
				CLANG_WARN_DIRECT_OBJC_ISA_USAGE = YES_ERROR;
				CLANG_WARN_DOCUMENTATION_COMMENTS = YES;
				CLANG_WARN_EMPTY_BODY = YES;
				CLANG_WARN_ENUM_CONVERSION = YES;
				CLANG_WARN_INFINITE_RECURSION = YES;
				CLANG_WARN_INT_CONVERSION = YES;
				CLANG_WARN_NON_LITERAL_NULL_CONVERSION = YES;
				CLANG_WARN_OBJC_IMPLICIT_RETAIN_SELF = YES;
				CLANG_WARN_OBJC_LITERAL_CONVERSION = YES;
				CLANG_WARN_OBJC_ROOT_CLASS = YES_ERROR;
				CLANG_WARN_QUOTED_INCLUDE_IN_FRAMEWORK_HEADER = YES;
				CLANG_WARN_RANGE_LOOP_ANALYSIS = YES;
				CLANG_WARN_STRICT_PROTOTYPES = YES;
				CLANG_WARN_SUSPICIOUS_MOVE = YES;
				CLANG_WARN_UNGUARDED_AVAILABILITY = YES_AGGRESSIVE;
				CLANG_WARN_UNREACHABLE_CODE = YES;
				CLANG_WARN__DUPLICATE_METHOD_MATCH = YES;
				COPY_PHASE_STRIP = NO;
				DEBUG_INFORMATION_FORMAT = dwarf;
				ENABLE_STRICT_OBJC_MSGSEND = YES;
				ENABLE_TESTABILITY = YES;
				GCC_C_LANGUAGE_STANDARD = gnu11;
				GCC_DYNAMIC_NO_PIC = NO;
				GCC_NO_COMMON_BLOCKS = YES;
				GCC_OPTIMIZATION_LEVEL = 0;
				GCC_PREPROCESSOR_DEFINITIONS = (
					"DEBUG=1",
					"$(inherited)",
				);
				GCC_WARN_64_TO_32_BIT_CONVERSION = YES;
				GCC_WARN_ABOUT_RETURN_TYPE = YES_ERROR;
				GCC_WARN_UNDECLARED_SELECTOR = YES;
				GCC_WARN_UNINITIALIZED_AUTOS = YES_AGGRESSIVE;
				GCC_WARN_UNUSED_FUNCTION = YES;
				GCC_WARN_UNUSED_VARIABLE = YES;
				IPHONEOS_DEPLOYMENT_TARGET = 16.0;
				MTL_ENABLE_DEBUG_INFO = INCLUDE_SOURCE;
				MTL_FAST_MATH = YES;
				ONLY_ACTIVE_ARCH = YES;
				SDKROOT = iphoneos;
				SWIFT_ACTIVE_COMPILATION_CONDITIONS = DEBUG;
				SWIFT_OPTIMIZATION_LEVEL = "-Onone";
			};
			name = Debug;
		};
		206603D528036E6800F4B6FB /* Release */ = {
			isa = XCBuildConfiguration;
			buildSettings = {
				ALWAYS_SEARCH_USER_PATHS = NO;
				CLANG_ANALYZER_NONNULL = YES;
				CLANG_ANALYZER_NUMBER_OBJECT_CONVERSION = YES_AGGRESSIVE;
				CLANG_CXX_LANGUAGE_STANDARD = "gnu++17";
				CLANG_ENABLE_MODULES = YES;
				CLANG_ENABLE_OBJC_ARC = YES;
				CLANG_ENABLE_OBJC_WEAK = YES;
				CLANG_WARN_BLOCK_CAPTURE_AUTORELEASING = YES;
				CLANG_WARN_BOOL_CONVERSION = YES;
				CLANG_WARN_COMMA = YES;
				CLANG_WARN_CONSTANT_CONVERSION = YES;
				CLANG_WARN_DEPRECATED_OBJC_IMPLEMENTATIONS = YES;
				CLANG_WARN_DIRECT_OBJC_ISA_USAGE = YES_ERROR;
				CLANG_WARN_DOCUMENTATION_COMMENTS = YES;
				CLANG_WARN_EMPTY_BODY = YES;
				CLANG_WARN_ENUM_CONVERSION = YES;
				CLANG_WARN_INFINITE_RECURSION = YES;
				CLANG_WARN_INT_CONVERSION = YES;
				CLANG_WARN_NON_LITERAL_NULL_CONVERSION = YES;
				CLANG_WARN_OBJC_IMPLICIT_RETAIN_SELF = YES;
				CLANG_WARN_OBJC_LITERAL_CONVERSION = YES;
				CLANG_WARN_OBJC_ROOT_CLASS = YES_ERROR;
				CLANG_WARN_QUOTED_INCLUDE_IN_FRAMEWORK_HEADER = YES;
				CLANG_WARN_RANGE_LOOP_ANALYSIS = YES;
				CLANG_WARN_STRICT_PROTOTYPES = YES;
				CLANG_WARN_SUSPICIOUS_MOVE = YES;
				CLANG_WARN_UNGUARDED_AVAILABILITY = YES_AGGRESSIVE;
				CLANG_WARN_UNREACHABLE_CODE = YES;
				CLANG_WARN__DUPLICATE_METHOD_MATCH = YES;
				COPY_PHASE_STRIP = NO;
				DEBUG_INFORMATION_FORMAT = "dwarf-with-dsym";
				ENABLE_NS_ASSERTIONS = NO;
				ENABLE_STRICT_OBJC_MSGSEND = YES;
				GCC_C_LANGUAGE_STANDARD = gnu11;
				GCC_NO_COMMON_BLOCKS = YES;
				GCC_WARN_64_TO_32_BIT_CONVERSION = YES;
				GCC_WARN_ABOUT_RETURN_TYPE = YES_ERROR;
				GCC_WARN_UNDECLARED_SELECTOR = YES;
				GCC_WARN_UNINITIALIZED_AUTOS = YES_AGGRESSIVE;
				GCC_WARN_UNUSED_FUNCTION = YES;
				GCC_WARN_UNUSED_VARIABLE = YES;
				"INFOPLIST_FILE[sdk=*]" = "";
				IPHONEOS_DEPLOYMENT_TARGET = 16.0;
				MTL_ENABLE_DEBUG_INFO = NO;
				MTL_FAST_MATH = YES;
				SDKROOT = iphoneos;
				SWIFT_COMPILATION_MODE = wholemodule;
				SWIFT_OPTIMIZATION_LEVEL = "-O";
				VALIDATE_PRODUCT = YES;
			};
			name = Release;
		};
		206603D728036E6800F4B6FB /* Debug */ = {
			isa = XCBuildConfiguration;
			baseConfigurationReference = A377B0D7641F3184E9FD4BB6 /* Pods-TechTemp.debug.xcconfig */;
			buildSettings = {
				ASSETCATALOG_COMPILER_APPICON_NAME = AppIcon;
				ASSETCATALOG_COMPILER_GLOBAL_ACCENT_COLOR_NAME = AccentColor;
				CODE_SIGN_STYLE = Automatic;
				CURRENT_PROJECT_VERSION = 1;
				DEVELOPMENT_ASSET_PATHS = "\"TechTemp/Preview Content\"";
				DEVELOPMENT_TEAM = K96A35TR3K;
				ENABLE_PREVIEWS = YES;
				GENERATE_INFOPLIST_FILE = YES;
				INFOPLIST_FILE = "TechTemp-Info.plist";
				INFOPLIST_KEY_LSApplicationCategoryType = "public.app-category.utilities";
				INFOPLIST_KEY_UIApplicationSceneManifest_Generation = YES;
				INFOPLIST_KEY_UIApplicationSupportsIndirectInputEvents = YES;
				INFOPLIST_KEY_UILaunchScreen_Generation = YES;
				INFOPLIST_KEY_UISupportedInterfaceOrientations_iPad = "UIInterfaceOrientationPortrait UIInterfaceOrientationPortraitUpsideDown UIInterfaceOrientationLandscapeLeft UIInterfaceOrientationLandscapeRight";
				INFOPLIST_KEY_UISupportedInterfaceOrientations_iPhone = "UIInterfaceOrientationPortrait UIInterfaceOrientationLandscapeLeft UIInterfaceOrientationLandscapeRight";
				IPHONEOS_DEPLOYMENT_TARGET = 16.0;
				LD_RUNPATH_SEARCH_PATHS = (
					"$(inherited)",
					"@executable_path/Frameworks",
				);
				MARKETING_VERSION = 1.0;
				PRODUCT_BUNDLE_IDENTIFIER = net.domidev.TechTemp;
				PRODUCT_NAME = "$(TARGET_NAME)";
				SWIFT_EMIT_LOC_STRINGS = YES;
				SWIFT_VERSION = 5.0;
				TARGETED_DEVICE_FAMILY = "1,2";
			};
			name = Debug;
		};
		206603D828036E6800F4B6FB /* Release */ = {
			isa = XCBuildConfiguration;
			baseConfigurationReference = 7CEB0DB558152DD8AD4DA33D /* Pods-TechTemp.release.xcconfig */;
			buildSettings = {
				ASSETCATALOG_COMPILER_APPICON_NAME = AppIcon;
				ASSETCATALOG_COMPILER_GLOBAL_ACCENT_COLOR_NAME = AccentColor;
				CODE_SIGN_STYLE = Automatic;
				CURRENT_PROJECT_VERSION = 1;
				DEVELOPMENT_ASSET_PATHS = "\"TechTemp/Preview Content\"";
				DEVELOPMENT_TEAM = K96A35TR3K;
				ENABLE_PREVIEWS = YES;
				GENERATE_INFOPLIST_FILE = YES;
				INFOPLIST_FILE = "TechTemp-Info.plist";
				INFOPLIST_KEY_LSApplicationCategoryType = "public.app-category.utilities";
				INFOPLIST_KEY_UIApplicationSceneManifest_Generation = YES;
				INFOPLIST_KEY_UIApplicationSupportsIndirectInputEvents = YES;
				INFOPLIST_KEY_UILaunchScreen_Generation = YES;
				INFOPLIST_KEY_UISupportedInterfaceOrientations_iPad = "UIInterfaceOrientationPortrait UIInterfaceOrientationPortraitUpsideDown UIInterfaceOrientationLandscapeLeft UIInterfaceOrientationLandscapeRight";
				INFOPLIST_KEY_UISupportedInterfaceOrientations_iPhone = "UIInterfaceOrientationPortrait UIInterfaceOrientationLandscapeLeft UIInterfaceOrientationLandscapeRight";
				IPHONEOS_DEPLOYMENT_TARGET = 16.0;
				LD_RUNPATH_SEARCH_PATHS = (
					"$(inherited)",
					"@executable_path/Frameworks",
				);
				MARKETING_VERSION = 1.0;
				PRODUCT_BUNDLE_IDENTIFIER = net.domidev.TechTemp;
				PRODUCT_NAME = "$(TARGET_NAME)";
				SWIFT_EMIT_LOC_STRINGS = YES;
				SWIFT_VERSION = 5.0;
				TARGETED_DEVICE_FAMILY = "1,2";
			};
			name = Release;
		};
/* End XCBuildConfiguration section */

/* Begin XCConfigurationList section */
		206603C328036E6500F4B6FB /* Build configuration list for PBXProject "TechTemp" */ = {
			isa = XCConfigurationList;
			buildConfigurations = (
				206603D428036E6800F4B6FB /* Debug */,
				206603D528036E6800F4B6FB /* Release */,
			);
			defaultConfigurationIsVisible = 0;
			defaultConfigurationName = Release;
		};
		206603D628036E6800F4B6FB /* Build configuration list for PBXNativeTarget "TechTemp" */ = {
			isa = XCConfigurationList;
			buildConfigurations = (
				206603D728036E6800F4B6FB /* Debug */,
				206603D828036E6800F4B6FB /* Release */,
			);
			defaultConfigurationIsVisible = 0;
			defaultConfigurationName = Release;
		};
/* End XCConfigurationList section */
	};
	rootObject = 206603C028036E6500F4B6FB /* Project object */;
}
